
Microsoft Visual Studio Solution File, Format Version 12.00
# Visual Studio Version 17
VisualStudioVersion = 17.5.33516.290
MinimumVisualStudioVersion = 10.0.40219.1
Project("{FAE04EC0-301F-11D3-BF4B-00C04F79EFBC}") = "ManagementSystem", "ManagementSystem.csproj", "{6A3DD1BF-2D38-4797-A559-92179D75FB25}"
EndProject
Global
	GlobalSection(SolutionConfigurationPlatforms) = preSolution
		Debug|Any CPU = Debug|Any CPU
		Release|Any CPU = Release|Any CPU
	EndGlobalSection
	GlobalSection(ProjectConfigurationPlatforms) = postSolution
		{6A3DD1BF-2D38-4797-A559-92179D75FB25}.Debug|Any CPU.ActiveCfg = Debug|Any CPU
		{6A3DD1BF-2D38-4797-A559-92179D75FB25}.Debug|Any CPU.Build.0 = Debug|Any CPU
		{6A3DD1BF-2D38-4797-A559-92179D75FB25}.Release|Any CPU.ActiveCfg = Release|Any CPU
		{6A3DD1BF-2D38-4797-A559-92179D75FB25}.Release|Any CPU.Build.0 = Release|Any CPU
	EndGlobalSection
	GlobalSection(SolutionProperties) = preSolution
		HideSolutionNode = FALSE
	EndGlobalSection
	GlobalSection(ExtensibilityGlobals) = postSolution
		SolutionGuid = {8F186F3C-B47C-4E21-ADA6-1F9986B0DA28}
	EndGlobalSection
EndGlobal
